
Microsoft Visual Studio Solution File, Format Version 12.00
# Visual Studio Version 17
VisualStudioVersion = 17.10.35027.167
MinimumVisualStudioVersion = 10.0.40219.1
Project("{9A19103F-16F7-4668-BE54-9A1E7A4F7556}") = "Presentation", "Presentation.csproj", "{82C32D43-02AF-43B6-AD7A-121B2E59BAB3}"
EndProject
Project("{9A19103F-16F7-4668-BE54-9A1E7A4F7556}") = "Core", "..\Core\Core.csproj", "{6AC4A525-ACFD-4451-9794-A4BDB4334DDE}"
EndProject
Project("{9A19103F-16F7-4668-BE54-9A1E7A4F7556}") = "Repo", "..\Repo\Repo.csproj", "{60AEA234-A511-4AE4-8E80-203DFAB6D85F}"
EndProject
Project("{9A19103F-16F7-4668-BE54-9A1E7A4F7556}") = "Service", "..\Service\Service.csproj", "{70FC3786-858F-4870-BE76-34DB8A9C527F}"
EndProject
Global
	GlobalSection(SolutionConfigurationPlatforms) = preSolution
		Debug|Any CPU = Debug|Any CPU
		Release|Any CPU = Release|Any CPU
	EndGlobalSection
	GlobalSection(ProjectConfigurationPlatforms) = postSolution
		{82C32D43-02AF-43B6-AD7A-121B2E59BAB3}.Debug|Any CPU.ActiveCfg = Debug|Any CPU
		{82C32D43-02AF-43B6-AD7A-121B2E59BAB3}.Debug|Any CPU.Build.0 = Debug|Any CPU
		{82C32D43-02AF-43B6-AD7A-121B2E59BAB3}.Release|Any CPU.ActiveCfg = Release|Any CPU
		{82C32D43-02AF-43B6-AD7A-121B2E59BAB3}.Release|Any CPU.Build.0 = Release|Any CPU
		{6AC4A525-ACFD-4451-9794-A4BDB4334DDE}.Debug|Any CPU.ActiveCfg = Debug|Any CPU
		{6AC4A525-ACFD-4451-9794-A4BDB4334DDE}.Debug|Any CPU.Build.0 = Debug|Any CPU
		{6AC4A525-ACFD-4451-9794-A4BDB4334DDE}.Release|Any CPU.ActiveCfg = Release|Any CPU
		{6AC4A525-ACFD-4451-9794-A4BDB4334DDE}.Release|Any CPU.Build.0 = Release|Any CPU
		{60AEA234-A511-4AE4-8E80-203DFAB6D85F}.Debug|Any CPU.ActiveCfg = Debug|Any CPU
		{60AEA234-A511-4AE4-8E80-203DFAB6D85F}.Debug|Any CPU.Build.0 = Debug|Any CPU
		{60AEA234-A511-4AE4-8E80-203DFAB6D85F}.Release|Any CPU.ActiveCfg = Release|Any CPU
		{60AEA234-A511-4AE4-8E80-203DFAB6D85F}.Release|Any CPU.Build.0 = Release|Any CPU
		{70FC3786-858F-4870-BE76-34DB8A9C527F}.Debug|Any CPU.ActiveCfg = Debug|Any CPU
		{70FC3786-858F-4870-BE76-34DB8A9C527F}.Debug|Any CPU.Build.0 = Debug|Any CPU
		{70FC3786-858F-4870-BE76-34DB8A9C527F}.Release|Any CPU.ActiveCfg = Release|Any CPU
		{70FC3786-858F-4870-BE76-34DB8A9C527F}.Release|Any CPU.Build.0 = Release|Any CPU
	EndGlobalSection
	GlobalSection(SolutionProperties) = preSolution
		HideSolutionNode = FALSE
	EndGlobalSection
	GlobalSection(ExtensibilityGlobals) = postSolution
		SolutionGuid = {F6A6BF3C-5D01-4749-AA5D-2284B1BF8098}
	EndGlobalSection
EndGlobal
